
Microsoft Visual Studio Solution File, Format Version 12.00
# Visual Studio Version 17
VisualStudioVersion = 17.5.33414.496
MinimumVisualStudioVersion = 10.0.40219.1
Project("{FAE04EC0-301F-11D3-BF4B-00C04F79EFBC}") = "workshop2", "workshop2\workshop2.csproj", "{94589C02-3AD0-46D6-986D-ACE485D8AA5C}"
EndProject
Global
	GlobalSection(SolutionConfigurationPlatforms) = preSolution
		Debug|Any CPU = Debug|Any CPU
		Release|Any CPU = Release|Any CPU
	EndGlobalSection
	GlobalSection(ProjectConfigurationPlatforms) = postSolution
		{94589C02-3AD0-46D6-986D-ACE485D8AA5C}.Debug|Any CPU.ActiveCfg = Debug|Any CPU
		{94589C02-3AD0-46D6-986D-ACE485D8AA5C}.Debug|Any CPU.Build.0 = Debug|Any CPU
		{94589C02-3AD0-46D6-986D-ACE485D8AA5C}.Release|Any CPU.ActiveCfg = Release|Any CPU
		{94589C02-3AD0-46D6-986D-ACE485D8AA5C}.Release|Any CPU.Build.0 = Release|Any CPU
	EndGlobalSection
	GlobalSection(SolutionProperties) = preSolution
		HideSolutionNode = FALSE
	EndGlobalSection
	GlobalSection(ExtensibilityGlobals) = postSolution
		SolutionGuid = {ACFFD1DD-3F40-4059-BE61-34BCEC5603CF}
	EndGlobalSection
EndGlobal
